// !$*UTF8*$!
{
	archiveVersion = 1;
	classes = {
	};
	objectVersion = 46;
	objects = {

/* Begin PBXBuildFile section */
		E0D78E031CEC924F006A9E5B /* main.m in Sources */ = {isa = PBXBuildFile; fileRef = E0D78E021CEC924F006A9E5B /* main.m */; };
		E0D78E061CEC924F006A9E5B /* AppDelegate.m in Sources */ = {isa = PBXBuildFile; fileRef = E0D78E051CEC924F006A9E5B /* AppDelegate.m */; };
		E0D78E091CEC924F006A9E5B /* ViewController.m in Sources */ = {isa = PBXBuildFile; fileRef = E0D78E081CEC924F006A9E5B /* ViewController.m */; };
		E0D78E0C1CEC924F006A9E5B /* Main.storyboard in Resources */ = {isa = PBXBuildFile; fileRef = E0D78E0A1CEC924F006A9E5B /* Main.storyboard */; };
		E0D78E0E1CEC924F006A9E5B /* Assets.xcassets in Resources */ = {isa = PBXBuildFile; fileRef = E0D78E0D1CEC924F006A9E5B /* Assets.xcassets */; };
		E0D78E111CEC924F006A9E5B /* LaunchScreen.storyboard in Resources */ = {isa = PBXBuildFile; fileRef = E0D78E0F1CEC924F006A9E5B /* LaunchScreen.storyboard */; };
/* End PBXBuildFile section */

/* Begin PBXFileReference section */
		E0D78DFE1CEC924F006A9E5B /* WuHanHot.app */ = {isa = PBXFileReference; explicitFileType = wrapper.application; includeInIndex = 0; path = WuHanHot.app; sourceTree = BUILT_PRODUCTS_DIR; };
		E0D78E021CEC924F006A9E5B /* main.m */ = {isa = PBXFileReference; lastKnownFileType = sourcecode.c.objc; path = main.m; sourceTree = "<group>"; };
		E0D78E041CEC924F006A9E5B /* AppDelegate.h */ = {isa = PBXFileReference; lastKnownFileType = sourcecode.c.h; path = AppDelegate.h; sourceTree = "<group>"; };
		E0D78E051CEC924F006A9E5B /* AppDelegate.m */ = {isa = PBXFileReference; lastKnownFileType = sourcecode.c.objc; path = AppDelegate.m; sourceTree = "<group>"; };
		E0D78E071CEC924F006A9E5B /* ViewController.h */ = {isa = PBXFileReference; lastKnownFileType = sourcecode.c.h; path = ViewController.h; sourceTree = "<group>"; };
		E0D78E081CEC924F006A9E5B /* ViewController.m */ = {isa = PBXFileReference; lastKnownFileType = sourcecode.c.objc; path = ViewController.m; sourceTree = "<group>"; };
		E0D78E0B1CEC924F006A9E5B /* Base */ = {isa = PBXFileReference; lastKnownFileType = file.storyboard; name = Base; path = Base.lproj/Main.storyboard; sourceTree = "<group>"; };
		E0D78E0D1CEC924F006A9E5B /* Assets.xcassets */ = {isa = PBXFileReference; lastKnownFileType = folder.assetcatalog; path = Assets.xcassets; sourceTree = "<group>"; };
		E0D78E101CEC924F006A9E5B /* Base */ = {isa = PBXFileReference; lastKnownFileType = file.storyboard; name = Base; path = Base.lproj/LaunchScreen.storyboard; sourceTree = "<group>"; };
		E0D78E121CEC924F006A9E5B /* Info.plist */ = {isa = PBXFileReference; lastKnownFileType = text.plist.xml; path = Info.plist; sourceTree = "<group>"; };
/* End PBXFileReference section */

/* Begin PBXFrameworksBuildPhase section */
		E0D78DFB1CEC924F006A9E5B /* Frameworks */ = {
			isa = PBXFrameworksBuildPhase;
			buildActionMask = 2147483647;
			files = (
			);
			runOnlyForDeploymentPostprocessing = 0;
		};
/* End PBXFrameworksBuildPhase section */

/* Begin PBXGroup section */
		E0D78DF51CEC924F006A9E5B = {
			isa = PBXGroup;
			children = (
				E0D78E001CEC924F006A9E5B /* WuHanHot */,
				E0D78DFF1CEC924F006A9E5B /* Products */,
			);
			sourceTree = "<group>";
		};
		E0D78DFF1CEC924F006A9E5B /* Products */ = {
			isa = PBXGroup;
			children = (
				E0D78DFE1CEC924F006A9E5B /* WuHanHot.app */,
			);
			name = Products;
			sourceTree = "<group>";
		};
		E0D78E001CEC924F006A9E5B /* WuHanHot */ = {
			isa = PBXGroup;
			children = (
				E0D78E041CEC924F006A9E5B /* AppDelegate.h */,
				E0D78E051CEC924F006A9E5B /* AppDelegate.m */,
				E0D78E071CEC924F006A9E5B /* ViewController.h */,
				E0D78E081CEC924F006A9E5B /* ViewController.m */,
				E0D78E0A1CEC924F006A9E5B /* Main.storyboard */,
				E0D78E0D1CEC924F006A9E5B /* Assets.xcassets */,
				E0D78E0F1CEC924F006A9E5B /* LaunchScreen.storyboard */,
				E0D78E121CEC924F006A9E5B /* Info.plist */,
				E0D78E011CEC924F006A9E5B /* Supporting Files */,
			);
			path = WuHanHot;
			sourceTree = "<group>";
		};
		E0D78E011CEC924F006A9E5B /* Supporting Files */ = {
			isa = PBXGroup;
			children = (
				E0D78E021CEC924F006A9E5B /* main.m */,
			);
			name = "Supporting Files";
			sourceTree = "<group>";
		};
/* End PBXGroup section */

/* Begin PBXNativeTarget section */
		E0D78DFD1CEC924F006A9E5B /* WuHanHot */ = {
			isa = PBXNativeTarget;
			buildConfigurationList = E0D78E151CEC924F006A9E5B /* Build configuration list for PBXNativeTarget "WuHanHot" */;
			buildPhases = (
				E0D78DFA1CEC924F006A9E5B /* Sources */,
				E0D78DFB1CEC924F006A9E5B /* Frameworks */,
				E0D78DFC1CEC924F006A9E5B /* Resources */,
			);
			buildRules = (
			);
			dependencies = (
			);
			name = WuHanHot;
			productName = WuHanHot;
			productReference = E0D78DFE1CEC924F006A9E5B /* WuHanHot.app */;
			productType = "com.apple.product-type.application";
		};
/* End PBXNativeTarget section */

/* Begin PBXProject section */
		E0D78DF61CEC924F006A9E5B /* Project object */ = {
			isa = PBXProject;
			attributes = {
				LastUpgradeCheck = 0730;
				ORGANIZATIONNAME = zs;
				TargetAttributes = {
					E0D78DFD1CEC924F006A9E5B = {
						CreatedOnToolsVersion = 7.3;
					};
				};
			};
			buildConfigurationList = E0D78DF91CEC924F006A9E5B /* Build configuration list for PBXProject "WuHanHot" */;
			compatibilityVersion = "Xcode 3.2";
			developmentRegion = English;
			hasScannedForEncodings = 0;
			knownRegions = (
				en,
				Base,
			);
			mainGroup = E0D78DF51CEC924F006A9E5B;
			productRefGroup = E0D78DFF1CEC924F006A9E5B /* Products */;
			projectDirPath = "";
			projectRoot = "";
			targets = (
				E0D78DFD1CEC924F006A9E5B /* WuHanHot */,
			);
		};
/* End PBXProject section */

/* Begin PBXResourcesBuildPhase section */
		E0D78DFC1CEC924F006A9E5B /* Resources */ = {
			isa = PBXResourcesBuildPhase;
			buildActionMask = 2147483647;
			files = (
				E0D78E111CEC924F006A9E5B /* LaunchScreen.storyboard in Resources */,
				E0D78E0E1CEC924F006A9E5B /* Assets.xcassets in Resources */,
				E0D78E0C1CEC924F006A9E5B /* Main.storyboard in Resources */,
			);
			runOnlyForDeploymentPostprocessing = 0;
		};
/* End PBXResourcesBuildPhase section */

/* Begin PBXSourcesBuildPhase section */
		E0D78DFA1CEC924F006A9E5B /* Sources */ = {
			isa = PBXSourcesBuildPhase;
			buildActionMask = 2147483647;
			files = (
				E0D78E091CEC924F006A9E5B /* ViewController.m in Sources */,
				E0D78E061CEC924F006A9E5B /* AppDelegate.m in Sources */,
				E0D78E031CEC924F006A9E5B /* main.m in Sources */,
			);
			runOnlyForDeploymentPostprocessing = 0;
		};
/* End PBXSourcesBuildPhase section */

/* Begin PBXVariantGroup section */
		E0D78E0A1CEC924F006A9E5B /* Main.storyboard */ = {
			isa = PBXVariantGroup;
			children = (
				E0D78E0B1CEC924F006A9E5B /* Base */,
			);
			name = Main.storyboard;
			sourceTree = "<group>";
		};
		E0D78E0F1CEC924F006A9E5B /* LaunchScreen.storyboard */ = {
			isa = PBXVariantGroup;
			children = (
				E0D78E101CEC924F006A9E5B /* Base */,
			);
			name = LaunchScreen.storyboard;
			sourceTree = "<group>";
		};
/* End PBXVariantGroup section */

/* Begin XCBuildConfiguration section */
		E0D78E131CEC924F006A9E5B /* Debug */ = {
			isa = XCBuildConfiguration;
			buildSettings = {
				ALWAYS_SEARCH_USER_PATHS = NO;
				CLANG_ANALYZER_NONNULL = YES;
				CLANG_CXX_LANGUAGE_STANDARD = "gnu++0x";
				CLANG_CXX_LIBRARY = "libc++";
				CLANG_ENABLE_MODULES = YES;
				CLANG_ENABLE_OBJC_ARC = YES;
				CLANG_WARN_BOOL_CONVERSION = YES;
				CLANG_WARN_CONSTANT_CONVERSION = YES;
				CLANG_WARN_DIRECT_OBJC_ISA_USAGE = YES_ERROR;
				CLANG_WARN_EMPTY_BODY = YES;
				CLANG_WARN_ENUM_CONVERSION = YES;
				CLANG_WARN_INT_CONVERSION = YES;
				CLANG_WARN_OBJC_ROOT_CLASS = YES_ERROR;
				CLANG_WARN_UNREACHABLE_CODE = YES;
				CLANG_WARN__DUPLICATE_METHOD_MATCH = YES;
				"CODE_SIGN_IDENTITY[sdk=iphoneos*]" = "iPhone Developer";
				COPY_PHASE_STRIP = NO;
				DEBUG_INFORMATION_FORMAT = dwarf;
				ENABLE_STRICT_OBJC_MSGSEND = YES;
				ENABLE_TESTABILITY = YES;
				GCC_C_LANGUAGE_STANDARD = gnu99;
				GCC_DYNAMIC_NO_PIC = NO;
				GCC_NO_COMMON_BLOCKS = YES;
				GCC_OPTIMIZATION_LEVEL = 0;
				GCC_PREPROCESSOR_DEFINITIONS = (
					"DEBUG=1",
					"$(inherited)",
				);
				GCC_WARN_64_TO_32_BIT_CONVERSION = YES;
				GCC_WARN_ABOUT_RETURN_TYPE = YES_ERROR;
				GCC_WARN_UNDECLARED_SELECTOR = YES;
				GCC_WARN_UNINITIALIZED_AUTOS = YES_AGGRESSIVE;
				GCC_WARN_UNUSED_FUNCTION = YES;
				GCC_WARN_UNUSED_VARIABLE = YES;
				IPHONEOS_DEPLOYMENT_TARGET = 9.3;
				MTL_ENABLE_DEBUG_INFO = YES;
				ONLY_ACTIVE_ARCH = YES;
				SDKROOT = iphoneos;
				TARGETED_DEVICE_FAMILY = "1,2";
			};
			name = Debug;
		};
		E0D78E141CEC924F006A9E5B /* Release */ = {
			isa = XCBuildConfiguration;
			buildSettings = {
				ALWAYS_SEARCH_USER_PATHS = NO;
				CLANG_ANALYZER_NONNULL = YES;
				CLANG_CXX_LANGUAGE_STANDARD = "gnu++0x";
				CLANG_CXX_LIBRARY = "libc++";
				CLANG_ENABLE_MODULES = YES;
				CLANG_ENABLE_OBJC_ARC = YES;
				CLANG_WARN_BOOL_CONVERSION = YES;
				CLANG_WARN_CONSTANT_CONVERSION = YES;
				CLANG_WARN_DIRECT_OBJC_ISA_USAGE = YES_ERROR;
				CLANG_WARN_EMPTY_BODY = YES;
				CLANG_WARN_ENUM_CONVERSION = YES;
				CLANG_WARN_INT_CONVERSION = YES;
				CLANG_WARN_OBJC_ROOT_CLASS = YES_ERROR;
				CLANG_WARN_UNREACHABLE_CODE = YES;
				CLANG_WARN__DUPLICATE_METHOD_MATCH = YES;
				"CODE_SIGN_IDENTITY[sdk=iphoneos*]" = "iPhone Developer";
				COPY_PHASE_STRIP = NO;
				DEBUG_INFORMATION_FORMAT = "dwarf-with-dsym";
				ENABLE_NS_ASSERTIONS = NO;
				ENABLE_STRICT_OBJC_MSGSEND = YES;
				GCC_C_LANGUAGE_STANDARD = gnu99;
				GCC_NO_COMMON_BLOCKS = YES;
				GCC_WARN_64_TO_32_BIT_CONVERSION = YES;
				GCC_WARN_ABOUT_RETURN_TYPE = YES_ERROR;
				GCC_WARN_UNDECLARED_SELECTOR = YES;
				GCC_WARN_UNINITIALIZED_AUTOS = YES_AGGRESSIVE;
				GCC_WARN_UNUSED_FUNCTION = YES;
				GCC_WARN_UNUSED_VARIABLE = YES;
				IPHONEOS_DEPLOYMENT_TARGET = 9.3;
				MTL_ENABLE_DEBUG_INFO = NO;
				SDKROOT = iphoneos;
				TARGETED_DEVICE_FAMILY = "1,2";
				VALIDATE_PRODUCT = YES;
			};
			name = Release;
		};
		E0D78E161CEC924F006A9E5B /* Debug */ = {
			isa = XCBuildConfiguration;
			buildSettings = {
				ASSETCATALOG_COMPILER_APPICON_NAME = AppIcon;
				INFOPLIST_FILE = WuHanHot/Info.plist;
				LD_RUNPATH_SEARCH_PATHS = "$(inherited) @executable_path/Frameworks";
				PRODUCT_BUNDLE_IDENTIFIER = zs.WuHanHot;
				PRODUCT_NAME = "$(TARGET_NAME)";
			};
			name = Debug;
		};
		E0D78E171CEC924F006A9E5B /* Release */ = {
			isa = XCBuildConfiguration;
			buildSettings = {
				ASSETCATALOG_COMPILER_APPICON_NAME = AppIcon;
				INFOPLIST_FILE = WuHanHot/Info.plist;
				LD_RUNPATH_SEARCH_PATHS = "$(inherited) @executable_path/Frameworks";
				PRODUCT_BUNDLE_IDENTIFIER = zs.WuHanHot;
				PRODUCT_NAME = "$(TARGET_NAME)";
			};
			name = Release;
		};
/* End XCBuildConfiguration section */

/* Begin XCConfigurationList section */
		E0D78DF91CEC924F006A9E5B /* Build configuration list for PBXProject "WuHanHot" */ = {
			isa = XCConfigurationList;
			buildConfigurations = (
				E0D78E131CEC924F006A9E5B /* Debug */,
				E0D78E141CEC924F006A9E5B /* Release */,
			);
			defaultConfigurationIsVisible = 0;
			defaultConfigurationName = Release;
		};
		E0D78E151CEC924F006A9E5B /* Build configuration list for PBXNativeTarget "WuHanHot" */ = {
			isa = XCConfigurationList;
			buildConfigurations = (
				E0D78E161CEC924F006A9E5B /* Debug */,
				E0D78E171CEC924F006A9E5B /* Release */,
			);
			defaultConfigurationIsVisible = 0;
		};
/* End XCConfigurationList section */
	};
	rootObject = E0D78DF61CEC924F006A9E5B /* Project object */;
}
